github.com/google/pprof v0.0.0-20250923004556-9e5a51aed1e8 h1:ZI8gCoCjGzPsum4L21jHdQs8shFBIQih1TM9Rd/c+EQ=
github.com/google/pprof v0.0.0-20250923004556-9e5a51aed1e8/go.mod h1:I6V7YzU0XDpsHqbsyrghnFZLO1gwK6NPTNvmetQIk9U=
github.com/gorilla/mux v1.8.1 h1:TuBL49tXwgrFYWhqrNgrUNEY92u81SPhu7sTdzQEiWY=
github.com/gorilla/mux v1.8.1/go.mod h1:AKf9I4AEqPTmMytcMc0KkNouC66V3BtZ4qD5fmWSiMQ=
